# THIS IS AN AUTOGENERATED FILE. DO NOT EDIT THIS FILE DIRECTLY.
# yarn lockfile v1


react-native-tab-view-animated-header@^1.0.2:
  version "1.0.2"
  resolved "https://registry.yarnpkg.com/react-native-tab-view-animated-header/-/react-native-tab-view-animated-header-1.0.2.tgz#904c87486be67d3e5e515cf511867d785047c717"
  integrity sha512-jUfsZNQLDBTTkHf+7Xq0Mvp9Qt1gsHQEzXm/kV9tYr+t/4ZDppa9PO/UMmA9hwtLPoxtymdBgov+mbKItt9RMQ==
